PODS:
  - MVSegmentedControl (0.1.2)

DEPENDENCIES:
  - MVSegmentedControl (from `../`)

EXTERNAL SOURCES:
  MVSegmentedControl:
    :path: "../"

SPEC CHECKSUMS:
  MVSegmentedControl: 50e03084ea6e774bc866e3ee5574ce4f337ee0a5

PODFILE CHECKSUM: 13ad2d53c6fcd42d6caa570065fd555a3596de49

COCOAPODS: 1.8.3
